{
  "name": "dashboard",
  "version": "1.0.0",
  "lockfileVersion": 1,
  "requires": true,
  "dependencies": {
    "blueimp-canvas-to-blob": {
      "version": "3.14.0",
      "resolved": "https://registry.npmjs.org/blueimp-canvas-to-blob/-/blueimp-canvas-to-blob-3.14.0.tgz",
      "integrity": "sha512-i6I2CiX1VR8YwUNYBo+dM8tg89ns4TTHxSpWjaDeHKcYS3yFalpLCwDaY21/EsJMufLy2tnG4j0JN5L8OVNkKQ=="
    },
    "image-compressor.js": {
      "version": "1.1.1",
      "resolved": "https://registry.npmjs.org/image-compressor.js/-/image-compressor.js-1.1.1.tgz",
      "integrity": "sha512-zK6aMN1XkPwN3lQe8MpSgGzVR97/WKLuysKimpTqloaDgg+1YyII6SKaLIgH7/mzK0epjzYm2RZFJ7f0MST3ew==",
      "requires": {
        "blueimp-canvas-to-blob": "3.14.0",
        "is-blob": "1.0.0"
      }
    },
    "is-blob": {
      "version": "1.0.0",
      "resolved": "https://registry.npmjs.org/is-blob/-/is-blob-1.0.0.tgz",
      "integrity": "sha1-o9fZb+HD/wZex84nwsIea6ksGDI="
    }
  }
}
